
Microsoft Visual Studio Solution File, Format Version 12.00
# Visual Studio 15
VisualStudioVersion = 15.0.26124.0
MinimumVisualStudioVersion = 15.0.26124.0
Project("{FAE04EC0-301F-11D3-BF4B-00C04F79EFBC}") = "MessageProcessor", "src\MessageProcessor\MessageProcessor.csproj", "{4523B989-B12B-4586-83FC-8D8FFD4B5020}"
EndProject
Project("{FAE04EC0-301F-11D3-BF4B-00C04F79EFBC}") = "MessageProcessor.Tests", "src\MessageProcessor.Tests\MessageProcessor.Tests.csproj", "{674970BB-B8FE-424C-9677-73A77D861885}"
EndProject
Global
	GlobalSection(SolutionConfigurationPlatforms) = preSolution
		Debug|Any CPU = Debug|Any CPU
		Debug|x64 = Debug|x64
		Debug|x86 = Debug|x86
		Release|Any CPU = Release|Any CPU
		Release|x64 = Release|x64
		Release|x86 = Release|x86
	EndGlobalSection
	GlobalSection(SolutionProperties) = preSolution
		HideSolutionNode = FALSE
	EndGlobalSection
	GlobalSection(ProjectConfigurationPlatforms) = postSolution
		{4523B989-B12B-4586-83FC-8D8FFD4B5020}.Debug|Any CPU.ActiveCfg = Debug|Any CPU
		{4523B989-B12B-4586-83FC-8D8FFD4B5020}.Debug|Any CPU.Build.0 = Debug|Any CPU
		{4523B989-B12B-4586-83FC-8D8FFD4B5020}.Debug|x64.ActiveCfg = Debug|Any CPU
		{4523B989-B12B-4586-83FC-8D8FFD4B5020}.Debug|x64.Build.0 = Debug|Any CPU
		{4523B989-B12B-4586-83FC-8D8FFD4B5020}.Debug|x86.ActiveCfg = Debug|Any CPU
		{4523B989-B12B-4586-83FC-8D8FFD4B5020}.Debug|x86.Build.0 = Debug|Any CPU
		{4523B989-B12B-4586-83FC-8D8FFD4B5020}.Release|Any CPU.ActiveCfg = Release|Any CPU
		{4523B989-B12B-4586-83FC-8D8FFD4B5020}.Release|Any CPU.Build.0 = Release|Any CPU
		{4523B989-B12B-4586-83FC-8D8FFD4B5020}.Release|x64.ActiveCfg = Release|Any CPU
		{4523B989-B12B-4586-83FC-8D8FFD4B5020}.Release|x64.Build.0 = Release|Any CPU
		{4523B989-B12B-4586-83FC-8D8FFD4B5020}.Release|x86.ActiveCfg = Release|Any CPU
		{4523B989-B12B-4586-83FC-8D8FFD4B5020}.Release|x86.Build.0 = Release|Any CPU
		{674970BB-B8FE-424C-9677-73A77D861885}.Debug|Any CPU.ActiveCfg = Debug|Any CPU
		{674970BB-B8FE-424C-9677-73A77D861885}.Debug|Any CPU.Build.0 = Debug|Any CPU
		{674970BB-B8FE-424C-9677-73A77D861885}.Debug|x64.ActiveCfg = Debug|Any CPU
		{674970BB-B8FE-424C-9677-73A77D861885}.Debug|x64.Build.0 = Debug|Any CPU
		{674970BB-B8FE-424C-9677-73A77D861885}.Debug|x86.ActiveCfg = Debug|Any CPU
		{674970BB-B8FE-424C-9677-73A77D861885}.Debug|x86.Build.0 = Debug|Any CPU
		{674970BB-B8FE-424C-9677-73A77D861885}.Release|Any CPU.ActiveCfg = Release|Any CPU
		{674970BB-B8FE-424C-9677-73A77D861885}.Release|Any CPU.Build.0 = Release|Any CPU
		{674970BB-B8FE-424C-9677-73A77D861885}.Release|x64.ActiveCfg = Release|Any CPU
		{674970BB-B8FE-424C-9677-73A77D861885}.Release|x64.Build.0 = Release|Any CPU
		{674970BB-B8FE-424C-9677-73A77D861885}.Release|x86.ActiveCfg = Release|Any CPU
		{674970BB-B8FE-424C-9677-73A77D861885}.Release|x86.Build.0 = Release|Any CPU
	EndGlobalSection
EndGlobal
